
Microsoft Visual Studio Solution File, Format Version 12.00
# Visual Studio Version 17
VisualStudioVersion = 17.7.34018.315
MinimumVisualStudioVersion = 10.0.40219.1
Project("{9A19103F-16F7-4668-BE54-9A1E7A4F7556}") = "BibliotecaClases", "BibliotecaClases.csproj", "{DA827D0D-4E6E-48B5-9CAA-4A49E1EDF213}"
EndProject
Global
	GlobalSection(SolutionConfigurationPlatforms) = preSolution
		Debug|Any CPU = Debug|Any CPU
		Release|Any CPU = Release|Any CPU
	EndGlobalSection
	GlobalSection(ProjectConfigurationPlatforms) = postSolution
		{DA827D0D-4E6E-48B5-9CAA-4A49E1EDF213}.Debug|Any CPU.ActiveCfg = Debug|Any CPU
		{DA827D0D-4E6E-48B5-9CAA-4A49E1EDF213}.Debug|Any CPU.Build.0 = Debug|Any CPU
		{DA827D0D-4E6E-48B5-9CAA-4A49E1EDF213}.Release|Any CPU.ActiveCfg = Release|Any CPU
		{DA827D0D-4E6E-48B5-9CAA-4A49E1EDF213}.Release|Any CPU.Build.0 = Release|Any CPU
	EndGlobalSection
	GlobalSection(SolutionProperties) = preSolution
		HideSolutionNode = FALSE
	EndGlobalSection
	GlobalSection(ExtensibilityGlobals) = postSolution
		SolutionGuid = {8F24A879-4946-49D1-8547-5C82E5B1F07B}
	EndGlobalSection
EndGlobal
